// !$*UTF8*$!
{
	archiveVersion = 1;
	classes = {
	};
	objectVersion = 46;
	objects = {

/* Begin PBXBuildFile section */
		03CA4D141992AA53006E5CB8 /* Foundation.framework in Frameworks */ = {isa = PBXBuildFile; fileRef = 03CA4D131992AA53006E5CB8 /* Foundation.framework */; };
		03CA4D161992AA53006E5CB8 /* CoreGraphics.framework in Frameworks */ = {isa = PBXBuildFile; fileRef = 03CA4D151992AA53006E5CB8 /* CoreGraphics.framework */; };
		03CA4D181992AA53006E5CB8 /* UIKit.framework in Frameworks */ = {isa = PBXBuildFile; fileRef = 03CA4D171992AA53006E5CB8 /* UIKit.framework */; };
		03CA4D1E1992AA53006E5CB8 /* InfoPlist.strings in Resources */ = {isa = PBXBuildFile; fileRef = 03CA4D1C1992AA53006E5CB8 /* InfoPlist.strings */; };
		03CA4D201992AA53006E5CB8 /* main.m in Sources */ = {isa = PBXBuildFile; fileRef = 03CA4D1F1992AA53006E5CB8 /* main.m */; };
		03CA4D241992AA53006E5CB8 /* AMAppDelegate.m in Sources */ = {isa = PBXBuildFile; fileRef = 03CA4D231992AA53006E5CB8 /* AMAppDelegate.m */; };
		03CA4D271992AA53006E5CB8 /* Main.storyboard in Resources */ = {isa = PBXBuildFile; fileRef = 03CA4D251992AA53006E5CB8 /* Main.storyboard */; };
		03CA4D2A1992AA53006E5CB8 /* AMViewController.m in Sources */ = {isa = PBXBuildFile; fileRef = 03CA4D291992AA53006E5CB8 /* AMViewController.m */; };
		03CA4D2C1992AA53006E5CB8 /* Images.xcassets in Resources */ = {isa = PBXBuildFile; fileRef = 03CA4D2B1992AA53006E5CB8 /* Images.xcassets */; };
		03CA4D331992AA53006E5CB8 /* XCTest.framework in Frameworks */ = {isa = PBXBuildFile; fileRef = 03CA4D321992AA53006E5CB8 /* XCTest.framework */; };
		03CA4D341992AA53006E5CB8 /* Foundation.framework in Frameworks */ = {isa = PBXBuildFile; fileRef = 03CA4D131992AA53006E5CB8 /* Foundation.framework */; };
		03CA4D351992AA53006E5CB8 /* UIKit.framework in Frameworks */ = {isa = PBXBuildFile; fileRef = 03CA4D171992AA53006E5CB8 /* UIKit.framework */; };
		03CA4D3D1992AA53006E5CB8 /* InfoPlist.strings in Resources */ = {isa = PBXBuildFile; fileRef = 03CA4D3B1992AA53006E5CB8 /* InfoPlist.strings */; };
		03CA4D3F1992AA53006E5CB8 /* In_App_Browser_TesterTests.m in Sources */ = {isa = PBXBuildFile; fileRef = 03CA4D3E1992AA53006E5CB8 /* In_App_Browser_TesterTests.m */; };
/* End PBXBuildFile section */

/* Begin PBXContainerItemProxy section */
		03CA4D361992AA53006E5CB8 /* PBXContainerItemProxy */ = {
			isa = PBXContainerItemProxy;
			containerPortal = 03CA4D081992AA53006E5CB8 /* Project object */;
			proxyType = 1;
			remoteGlobalIDString = 03CA4D0F1992AA53006E5CB8;
			remoteInfo = "In-App Browser Tester";
		};
/* End PBXContainerItemProxy section */

/* Begin PBXFileReference section */
		03CA4D101992AA53006E5CB8 /* In-App Browser Tester.app */ = {isa = PBXFileReference; explicitFileType = wrapper.application; includeInIndex = 0; path = "In-App Browser Tester.app"; sourceTree = BUILT_PRODUCTS_DIR; };
		03CA4D131992AA53006E5CB8 /* Foundation.framework */ = {isa = PBXFileReference; lastKnownFileType = wrapper.framework; name = Foundation.framework; path = System/Library/Frameworks/Foundation.framework; sourceTree = SDKROOT; };
		03CA4D151992AA53006E5CB8 /* CoreGraphics.framework */ = {isa = PBXFileReference; lastKnownFileType = wrapper.framework; name = CoreGraphics.framework; path = System/Library/Frameworks/CoreGraphics.framework; sourceTree = SDKROOT; };
		03CA4D171992AA53006E5CB8 /* UIKit.framework */ = {isa = PBXFileReference; lastKnownFileType = wrapper.framework; name = UIKit.framework; path = System/Library/Frameworks/UIKit.framework; sourceTree = SDKROOT; };
		03CA4D1B1992AA53006E5CB8 /* In-App Browser Tester-Info.plist */ = {isa = PBXFileReference; lastKnownFileType = text.plist.xml; path = "In-App Browser Tester-Info.plist"; sourceTree = "<group>"; };
		03CA4D1D1992AA53006E5CB8 /* en */ = {isa = PBXFileReference; lastKnownFileType = text.plist.strings; name = en; path = en.lproj/InfoPlist.strings; sourceTree = "<group>"; };
		03CA4D1F1992AA53006E5CB8 /* main.m */ = {isa = PBXFileReference; lastKnownFileType = sourcecode.c.objc; path = main.m; sourceTree = "<group>"; };
		03CA4D211992AA53006E5CB8 /* In-App Browser Tester-Prefix.pch */ = {isa = PBXFileReference; lastKnownFileType = sourcecode.c.h; path = "In-App Browser Tester-Prefix.pch"; sourceTree = "<group>"; };
		03CA4D221992AA53006E5CB8 /* AMAppDelegate.h */ = {isa = PBXFileReference; lastKnownFileType = sourcecode.c.h; path = AMAppDelegate.h; sourceTree = "<group>"; };
		03CA4D231992AA53006E5CB8 /* AMAppDelegate.m */ = {isa = PBXFileReference; lastKnownFileType = sourcecode.c.objc; path = AMAppDelegate.m; sourceTree = "<group>"; };
		03CA4D261992AA53006E5CB8 /* Base */ = {isa = PBXFileReference; lastKnownFileType = file.storyboard; name = Base; path = Base.lproj/Main.storyboard; sourceTree = "<group>"; };
		03CA4D281992AA53006E5CB8 /* AMViewController.h */ = {isa = PBXFileReference; lastKnownFileType = sourcecode.c.h; path = AMViewController.h; sourceTree = "<group>"; };
		03CA4D291992AA53006E5CB8 /* AMViewController.m */ = {isa = PBXFileReference; lastKnownFileType = sourcecode.c.objc; path = AMViewController.m; sourceTree = "<group>"; };
		03CA4D2B1992AA53006E5CB8 /* Images.xcassets */ = {isa = PBXFileReference; lastKnownFileType = folder.assetcatalog; path = Images.xcassets; sourceTree = "<group>"; };
		03CA4D311992AA53006E5CB8 /* In-App Browser TesterTests.xctest */ = {isa = PBXFileReference; explicitFileType = wrapper.cfbundle; includeInIndex = 0; path = "In-App Browser TesterTests.xctest"; sourceTree = BUILT_PRODUCTS_DIR; };
		03CA4D321992AA53006E5CB8 /* XCTest.framework */ = {isa = PBXFileReference; lastKnownFileType = wrapper.framework; name = XCTest.framework; path = Library/Frameworks/XCTest.framework; sourceTree = DEVELOPER_DIR; };
		03CA4D3A1992AA53006E5CB8 /* In-App Browser TesterTests-Info.plist */ = {isa = PBXFileReference; lastKnownFileType = text.plist.xml; path = "In-App Browser TesterTests-Info.plist"; sourceTree = "<group>"; };
		03CA4D3C1992AA53006E5CB8 /* en */ = {isa = PBXFileReference; lastKnownFileType = text.plist.strings; name = en; path = en.lproj/InfoPlist.strings; sourceTree = "<group>"; };
		03CA4D3E1992AA53006E5CB8 /* In_App_Browser_TesterTests.m */ = {isa = PBXFileReference; lastKnownFileType = sourcecode.c.objc; path = In_App_Browser_TesterTests.m; sourceTree = "<group>"; };
/* End PBXFileReference section */

/* Begin PBXFrameworksBuildPhase section */
		03CA4D0D1992AA53006E5CB8 /* Frameworks */ = {
			isa = PBXFrameworksBuildPhase;
			buildActionMask = 2147483647;
			files = (
				03CA4D161992AA53006E5CB8 /* CoreGraphics.framework in Frameworks */,
				03CA4D181992AA53006E5CB8 /* UIKit.framework in Frameworks */,
				03CA4D141992AA53006E5CB8 /* Foundation.framework in Frameworks */,
			);
			runOnlyForDeploymentPostprocessing = 0;
		};
		03CA4D2E1992AA53006E5CB8 /* Frameworks */ = {
			isa = PBXFrameworksBuildPhase;
			buildActionMask = 2147483647;
			files = (
				03CA4D331992AA53006E5CB8 /* XCTest.framework in Frameworks */,
				03CA4D351992AA53006E5CB8 /* UIKit.framework in Frameworks */,
				03CA4D341992AA53006E5CB8 /* Foundation.framework in Frameworks */,
			);
			runOnlyForDeploymentPostprocessing = 0;
		};
/* End PBXFrameworksBuildPhase section */

/* Begin PBXGroup section */
		03CA4D071992AA53006E5CB8 = {
			isa = PBXGroup;
			children = (
				03CA4D191992AA53006E5CB8 /* In-App Browser Tester */,
				03CA4D381992AA53006E5CB8 /* In-App Browser TesterTests */,
				03CA4D121992AA53006E5CB8 /* Frameworks */,
				03CA4D111992AA53006E5CB8 /* Products */,
			);
			sourceTree = "<group>";
		};
		03CA4D111992AA53006E5CB8 /* Products */ = {
			isa = PBXGroup;
			children = (
				03CA4D101992AA53006E5CB8 /* In-App Browser Tester.app */,
				03CA4D311992AA53006E5CB8 /* In-App Browser TesterTests.xctest */,
			);
			name = Products;
			sourceTree = "<group>";
		};
		03CA4D121992AA53006E5CB8 /* Frameworks */ = {
			isa = PBXGroup;
			children = (
				03CA4D131992AA53006E5CB8 /* Foundation.framework */,
				03CA4D151992AA53006E5CB8 /* CoreGraphics.framework */,
				03CA4D171992AA53006E5CB8 /* UIKit.framework */,
				03CA4D321992AA53006E5CB8 /* XCTest.framework */,
			);
			name = Frameworks;
			sourceTree = "<group>";
		};
		03CA4D191992AA53006E5CB8 /* In-App Browser Tester */ = {
			isa = PBXGroup;
			children = (
				03CA4D221992AA53006E5CB8 /* AMAppDelegate.h */,
				03CA4D231992AA53006E5CB8 /* AMAppDelegate.m */,
				03CA4D251992AA53006E5CB8 /* Main.storyboard */,
				03CA4D281992AA53006E5CB8 /* AMViewController.h */,
				03CA4D291992AA53006E5CB8 /* AMViewController.m */,
				03CA4D2B1992AA53006E5CB8 /* Images.xcassets */,
				03CA4D1A1992AA53006E5CB8 /* Supporting Files */,
			);
			path = "In-App Browser Tester";
			sourceTree = "<group>";
		};
		03CA4D1A1992AA53006E5CB8 /* Supporting Files */ = {
			isa = PBXGroup;
			children = (
				03CA4D1B1992AA53006E5CB8 /* In-App Browser Tester-Info.plist */,
				03CA4D1C1992AA53006E5CB8 /* InfoPlist.strings */,
				03CA4D1F1992AA53006E5CB8 /* main.m */,
				03CA4D211992AA53006E5CB8 /* In-App Browser Tester-Prefix.pch */,
			);
			name = "Supporting Files";
			sourceTree = "<group>";
		};
		03CA4D381992AA53006E5CB8 /* In-App Browser TesterTests */ = {
			isa = PBXGroup;
			children = (
				03CA4D3E1992AA53006E5CB8 /* In_App_Browser_TesterTests.m */,
				03CA4D391992AA53006E5CB8 /* Supporting Files */,
			);
			path = "In-App Browser TesterTests";
			sourceTree = "<group>";
		};
		03CA4D391992AA53006E5CB8 /* Supporting Files */ = {
			isa = PBXGroup;
			children = (
				03CA4D3A1992AA53006E5CB8 /* In-App Browser TesterTests-Info.plist */,
				03CA4D3B1992AA53006E5CB8 /* InfoPlist.strings */,
			);
			name = "Supporting Files";
			sourceTree = "<group>";
		};
/* End PBXGroup section */

/* Begin PBXNativeTarget section */
		03CA4D0F1992AA53006E5CB8 /* In-App Browser Tester */ = {
			isa = PBXNativeTarget;
			buildConfigurationList = 03CA4D421992AA53006E5CB8 /* Build configuration list for PBXNativeTarget "In-App Browser Tester" */;
			buildPhases = (
				03CA4D0C1992AA53006E5CB8 /* Sources */,
				03CA4D0D1992AA53006E5CB8 /* Frameworks */,
				03CA4D0E1992AA53006E5CB8 /* Resources */,
			);
			buildRules = (
			);
			dependencies = (
			);
			name = "In-App Browser Tester";
			productName = "In-App Browser Tester";
			productReference = 03CA4D101992AA53006E5CB8 /* In-App Browser Tester.app */;
			productType = "com.apple.product-type.application";
		};
		03CA4D301992AA53006E5CB8 /* In-App Browser TesterTests */ = {
			isa = PBXNativeTarget;
			buildConfigurationList = 03CA4D451992AA53006E5CB8 /* Build configuration list for PBXNativeTarget "In-App Browser TesterTests" */;
			buildPhases = (
				03CA4D2D1992AA53006E5CB8 /* Sources */,
				03CA4D2E1992AA53006E5CB8 /* Frameworks */,
				03CA4D2F1992AA53006E5CB8 /* Resources */,
			);
			buildRules = (
			);
			dependencies = (
				03CA4D371992AA53006E5CB8 /* PBXTargetDependency */,
			);
			name = "In-App Browser TesterTests";
			productName = "In-App Browser TesterTests";
			productReference = 03CA4D311992AA53006E5CB8 /* In-App Browser TesterTests.xctest */;
			productType = "com.apple.product-type.bundle.unit-test";
		};
/* End PBXNativeTarget section */

/* Begin PBXProject section */
		03CA4D081992AA53006E5CB8 /* Project object */ = {
			isa = PBXProject;
			attributes = {
				CLASSPREFIX = AM;
				LastUpgradeCheck = 0500;
				ORGANIZATIONNAME = "Aldo Lugo";
				TargetAttributes = {
					03CA4D301992AA53006E5CB8 = {
						TestTargetID = 03CA4D0F1992AA53006E5CB8;
					};
				};
			};
			buildConfigurationList = 03CA4D0B1992AA53006E5CB8 /* Build configuration list for PBXProject "In-App Browser Tester" */;
			compatibilityVersion = "Xcode 3.2";
			developmentRegion = English;
			hasScannedForEncodings = 0;
			knownRegions = (
				en,
				Base,
			);
			mainGroup = 03CA4D071992AA53006E5CB8;
			productRefGroup = 03CA4D111992AA53006E5CB8 /* Products */;
			projectDirPath = "";
			projectRoot = "";
			targets = (
				03CA4D0F1992AA53006E5CB8 /* In-App Browser Tester */,
				03CA4D301992AA53006E5CB8 /* In-App Browser TesterTests */,
			);
		};
/* End PBXProject section */

/* Begin PBXResourcesBuildPhase section */
		03CA4D0E1992AA53006E5CB8 /* Resources */ = {
			isa = PBXResourcesBuildPhase;
			buildActionMask = 2147483647;
			files = (
				03CA4D2C1992AA53006E5CB8 /* Images.xcassets in Resources */,
				03CA4D1E1992AA53006E5CB8 /* InfoPlist.strings in Resources */,
				03CA4D271992AA53006E5CB8 /* Main.storyboard in Resources */,
			);
			runOnlyForDeploymentPostprocessing = 0;
		};
		03CA4D2F1992AA53006E5CB8 /* Resources */ = {
			isa = PBXResourcesBuildPhase;
			buildActionMask = 2147483647;
			files = (
				03CA4D3D1992AA53006E5CB8 /* InfoPlist.strings in Resources */,
			);
			runOnlyForDeploymentPostprocessing = 0;
		};
/* End PBXResourcesBuildPhase section */

/* Begin PBXSourcesBuildPhase section */
		03CA4D0C1992AA53006E5CB8 /* Sources */ = {
			isa = PBXSourcesBuildPhase;
			buildActionMask = 2147483647;
			files = (
				03CA4D241992AA53006E5CB8 /* AMAppDelegate.m in Sources */,
				03CA4D2A1992AA53006E5CB8 /* AMViewController.m in Sources */,
				03CA4D201992AA53006E5CB8 /* main.m in Sources */,
			);
			runOnlyForDeploymentPostprocessing = 0;
		};
		03CA4D2D1992AA53006E5CB8 /* Sources */ = {
			isa = PBXSourcesBuildPhase;
			buildActionMask = 2147483647;
			files = (
				03CA4D3F1992AA53006E5CB8 /* In_App_Browser_TesterTests.m in Sources */,
			);
			runOnlyForDeploymentPostprocessing = 0;
		};
/* End PBXSourcesBuildPhase section */

/* Begin PBXTargetDependency section */
		03CA4D371992AA53006E5CB8 /* PBXTargetDependency */ = {
			isa = PBXTargetDependency;
			target = 03CA4D0F1992AA53006E5CB8 /* In-App Browser Tester */;
			targetProxy = 03CA4D361992AA53006E5CB8 /* PBXContainerItemProxy */;
		};
/* End PBXTargetDependency section */

/* Begin PBXVariantGroup section */
		03CA4D1C1992AA53006E5CB8 /* InfoPlist.strings */ = {
			isa = PBXVariantGroup;
			children = (
				03CA4D1D1992AA53006E5CB8 /* en */,
			);
			name = InfoPlist.strings;
			sourceTree = "<group>";
		};
		03CA4D251992AA53006E5CB8 /* Main.storyboard */ = {
			isa = PBXVariantGroup;
			children = (
				03CA4D261992AA53006E5CB8 /* Base */,
			);
			name = Main.storyboard;
			sourceTree = "<group>";
		};
		03CA4D3B1992AA53006E5CB8 /* InfoPlist.strings */ = {
			isa = PBXVariantGroup;
			children = (
				03CA4D3C1992AA53006E5CB8 /* en */,
			);
			name = InfoPlist.strings;
			sourceTree = "<group>";
		};
/* End PBXVariantGroup section */

/* Begin XCBuildConfiguration section */
		03CA4D401992AA53006E5CB8 /* Debug */ = {
			isa = XCBuildConfiguration;
			buildSettings = {
				ALWAYS_SEARCH_USER_PATHS = NO;
				ARCHS = "$(ARCHS_STANDARD_INCLUDING_64_BIT)";
				CLANG_CXX_LANGUAGE_STANDARD = "gnu++0x";
				CLANG_CXX_LIBRARY = "libc++";
				CLANG_ENABLE_MODULES = YES;
				CLANG_ENABLE_OBJC_ARC = YES;
				CLANG_WARN_BOOL_CONVERSION = YES;
				CLANG_WARN_CONSTANT_CONVERSION = YES;
				CLANG_WARN_DIRECT_OBJC_ISA_USAGE = YES_ERROR;
				CLANG_WARN_EMPTY_BODY = YES;
				CLANG_WARN_ENUM_CONVERSION = YES;
				CLANG_WARN_INT_CONVERSION = YES;
				CLANG_WARN_OBJC_ROOT_CLASS = YES_ERROR;
				CLANG_WARN__DUPLICATE_METHOD_MATCH = YES;
				"CODE_SIGN_IDENTITY[sdk=iphoneos*]" = "iPhone Developer";
				COPY_PHASE_STRIP = NO;
				GCC_C_LANGUAGE_STANDARD = gnu99;
				GCC_DYNAMIC_NO_PIC = NO;
				GCC_OPTIMIZATION_LEVEL = 0;
				GCC_PREPROCESSOR_DEFINITIONS = (
					"DEBUG=1",
					"$(inherited)",
				);
				GCC_SYMBOLS_PRIVATE_EXTERN = NO;
				GCC_WARN_64_TO_32_BIT_CONVERSION = YES;
				GCC_WARN_ABOUT_RETURN_TYPE = YES_ERROR;
				GCC_WARN_UNDECLARED_SELECTOR = YES;
				GCC_WARN_UNINITIALIZED_AUTOS = YES;
				GCC_WARN_UNUSED_FUNCTION = YES;
				GCC_WARN_UNUSED_VARIABLE = YES;
				IPHONEOS_DEPLOYMENT_TARGET = 7.0;
				ONLY_ACTIVE_ARCH = YES;
				SDKROOT = iphoneos;
			};
			name = Debug;
		};
		03CA4D411992AA53006E5CB8 /* Release */ = {
			isa = XCBuildConfiguration;
			buildSettings = {
				ALWAYS_SEARCH_USER_PATHS = NO;
				ARCHS = "$(ARCHS_STANDARD_INCLUDING_64_BIT)";
				CLANG_CXX_LANGUAGE_STANDARD = "gnu++0x";
				CLANG_CXX_LIBRARY = "libc++";
				CLANG_ENABLE_MODULES = YES;
				CLANG_ENABLE_OBJC_ARC = YES;
				CLANG_WARN_BOOL_CONVERSION = YES;
				CLANG_WARN_CONSTANT_CONVERSION = YES;
				CLANG_WARN_DIRECT_OBJC_ISA_USAGE = YES_ERROR;
				CLANG_WARN_EMPTY_BODY = YES;
				CLANG_WARN_ENUM_CONVERSION = YES;
				CLANG_WARN_INT_CONVERSION = YES;
				CLANG_WARN_OBJC_ROOT_CLASS = YES_ERROR;
				CLANG_WARN__DUPLICATE_METHOD_MATCH = YES;
				"CODE_SIGN_IDENTITY[sdk=iphoneos*]" = "iPhone Developer";
				COPY_PHASE_STRIP = YES;
				ENABLE_NS_ASSERTIONS = NO;
				GCC_C_LANGUAGE_STANDARD = gnu99;
				GCC_WARN_64_TO_32_BIT_CONVERSION = YES;
				GCC_WARN_ABOUT_RETURN_TYPE = YES_ERROR;
				GCC_WARN_UNDECLARED_SELECTOR = YES;
				GCC_WARN_UNINITIALIZED_AUTOS = YES;
				GCC_WARN_UNUSED_FUNCTION = YES;
				GCC_WARN_UNUSED_VARIABLE = YES;
				IPHONEOS_DEPLOYMENT_TARGET = 7.0;
				SDKROOT = iphoneos;
				VALIDATE_PRODUCT = YES;
			};
			name = Release;
		};
		03CA4D431992AA53006E5CB8 /* Debug */ = {
			isa = XCBuildConfiguration;
			buildSettings = {
				ASSETCATALOG_COMPILER_APPICON_NAME = AppIcon;
				ASSETCATALOG_COMPILER_LAUNCHIMAGE_NAME = LaunchImage;
				GCC_PRECOMPILE_PREFIX_HEADER = YES;
				GCC_PREFIX_HEADER = "In-App Browser Tester/In-App Browser Tester-Prefix.pch";
				INFOPLIST_FILE = "In-App Browser Tester/In-App Browser Tester-Info.plist";
				PRODUCT_NAME = "$(TARGET_NAME)";
				WRAPPER_EXTENSION = app;
			};
			name = Debug;
		};
		03CA4D441992AA53006E5CB8 /* Release */ = {
			isa = XCBuildConfiguration;
			buildSettings = {
				ASSETCATALOG_COMPILER_APPICON_NAME = AppIcon;
				ASSETCATALOG_COMPILER_LAUNCHIMAGE_NAME = LaunchImage;
				GCC_PRECOMPILE_PREFIX_HEADER = YES;
				GCC_PREFIX_HEADER = "In-App Browser Tester/In-App Browser Tester-Prefix.pch";
				INFOPLIST_FILE = "In-App Browser Tester/In-App Browser Tester-Info.plist";
				PRODUCT_NAME = "$(TARGET_NAME)";
				WRAPPER_EXTENSION = app;
			};
			name = Release;
		};
		03CA4D461992AA53006E5CB8 /* Debug */ = {
			isa = XCBuildConfiguration;
			buildSettings = {
				ARCHS = "$(ARCHS_STANDARD_INCLUDING_64_BIT)";
				BUNDLE_LOADER = "$(BUILT_PRODUCTS_DIR)/In-App Browser Tester.app/In-App Browser Tester";
				FRAMEWORK_SEARCH_PATHS = (
					"$(SDKROOT)/Developer/Library/Frameworks",
					"$(inherited)",
					"$(DEVELOPER_FRAMEWORKS_DIR)",
				);
				GCC_PRECOMPILE_PREFIX_HEADER = YES;
				GCC_PREFIX_HEADER = "In-App Browser Tester/In-App Browser Tester-Prefix.pch";
				GCC_PREPROCESSOR_DEFINITIONS = (
					"DEBUG=1",
					"$(inherited)",
				);
				INFOPLIST_FILE = "In-App Browser TesterTests/In-App Browser TesterTests-Info.plist";
				PRODUCT_NAME = "$(TARGET_NAME)";
				TEST_HOST = "$(BUNDLE_LOADER)";
				WRAPPER_EXTENSION = xctest;
			};
			name = Debug;
		};
		03CA4D471992AA53006E5CB8 /* Release */ = {
			isa = XCBuildConfiguration;
			buildSettings = {
				ARCHS = "$(ARCHS_STANDARD_INCLUDING_64_BIT)";
				BUNDLE_LOADER = "$(BUILT_PRODUCTS_DIR)/In-App Browser Tester.app/In-App Browser Tester";
				FRAMEWORK_SEARCH_PATHS = (
					"$(SDKROOT)/Developer/Library/Frameworks",
					"$(inherited)",
					"$(DEVELOPER_FRAMEWORKS_DIR)",
				);
				GCC_PRECOMPILE_PREFIX_HEADER = YES;
				GCC_PREFIX_HEADER = "In-App Browser Tester/In-App Browser Tester-Prefix.pch";
				INFOPLIST_FILE = "In-App Browser TesterTests/In-App Browser TesterTests-Info.plist";
				PRODUCT_NAME = "$(TARGET_NAME)";
				TEST_HOST = "$(BUNDLE_LOADER)";
				WRAPPER_EXTENSION = xctest;
			};
			name = Release;
		};
/* End XCBuildConfiguration section */

/* Begin XCConfigurationList section */
		03CA4D0B1992AA53006E5CB8 /* Build configuration list for PBXProject "In-App Browser Tester" */ = {
			isa = XCConfigurationList;
			buildConfigurations = (
				03CA4D401992AA53006E5CB8 /* Debug */,
				03CA4D411992AA53006E5CB8 /* Release */,
			);
			defaultConfigurationIsVisible = 0;
			defaultConfigurationName = Release;
		};
		03CA4D421992AA53006E5CB8 /* Build configuration list for PBXNativeTarget "In-App Browser Tester" */ = {
			isa = XCConfigurationList;
			buildConfigurations = (
				03CA4D431992AA53006E5CB8 /* Debug */,
				03CA4D441992AA53006E5CB8 /* Release */,
			);
			defaultConfigurationIsVisible = 0;
		};
		03CA4D451992AA53006E5CB8 /* Build configuration list for PBXNativeTarget "In-App Browser TesterTests" */ = {
			isa = XCConfigurationList;
			buildConfigurations = (
				03CA4D461992AA53006E5CB8 /* Debug */,
				03CA4D471992AA53006E5CB8 /* Release */,
			);
			defaultConfigurationIsVisible = 0;
		};
/* End XCConfigurationList section */
	};
	rootObject = 03CA4D081992AA53006E5CB8 /* Project object */;
}
